
Microsoft Visual Studio Solution File, Format Version 12.00
# Visual Studio Version 16
VisualStudioVersion = 16.0.32002.261
MinimumVisualStudioVersion = 10.0.40219.1
Project("{FAE04EC0-301F-11D3-BF4B-00C04F79EFBC}") = "CalculadoraParametro", "CalculadoraParametro\CalculadoraParametro.csproj", "{18CB81D4-8CB8-47A5-9420-D6557BB5D3BC}"
EndProject
Global
	GlobalSection(SolutionConfigurationPlatforms) = preSolution
		Debug|Any CPU = Debug|Any CPU
		Release|Any CPU = Release|Any CPU
	EndGlobalSection
	GlobalSection(ProjectConfigurationPlatforms) = postSolution
		{18CB81D4-8CB8-47A5-9420-D6557BB5D3BC}.Debug|Any CPU.ActiveCfg = Debug|Any CPU
		{18CB81D4-8CB8-47A5-9420-D6557BB5D3BC}.Debug|Any CPU.Build.0 = Debug|Any CPU
		{18CB81D4-8CB8-47A5-9420-D6557BB5D3BC}.Release|Any CPU.ActiveCfg = Release|Any CPU
		{18CB81D4-8CB8-47A5-9420-D6557BB5D3BC}.Release|Any CPU.Build.0 = Release|Any CPU
	EndGlobalSection
	GlobalSection(SolutionProperties) = preSolution
		HideSolutionNode = FALSE
	EndGlobalSection
	GlobalSection(ExtensibilityGlobals) = postSolution
		SolutionGuid = {8A21C6D4-68E6-4B5B-AC46-A9FC6285F944}
	EndGlobalSection
EndGlobal
