
Microsoft Visual Studio Solution File, Format Version 12.00
# Visual Studio Version 16
VisualStudioVersion = 16.0.32002.261
MinimumVisualStudioVersion = 10.0.40219.1
Project("{FAE04EC0-301F-11D3-BF4B-00C04F79EFBC}") = "SomarMatriz2x2", "SomarMatriz2x2\SomarMatriz2x2.csproj", "{52C3CEC9-3B09-450B-82E9-FC9DA06964AF}"
EndProject
Global
	GlobalSection(SolutionConfigurationPlatforms) = preSolution
		Debug|Any CPU = Debug|Any CPU
		Release|Any CPU = Release|Any CPU
	EndGlobalSection
	GlobalSection(ProjectConfigurationPlatforms) = postSolution
		{52C3CEC9-3B09-450B-82E9-FC9DA06964AF}.Debug|Any CPU.ActiveCfg = Debug|Any CPU
		{52C3CEC9-3B09-450B-82E9-FC9DA06964AF}.Debug|Any CPU.Build.0 = Debug|Any CPU
		{52C3CEC9-3B09-450B-82E9-FC9DA06964AF}.Release|Any CPU.ActiveCfg = Release|Any CPU
		{52C3CEC9-3B09-450B-82E9-FC9DA06964AF}.Release|Any CPU.Build.0 = Release|Any CPU
	EndGlobalSection
	GlobalSection(SolutionProperties) = preSolution
		HideSolutionNode = FALSE
	EndGlobalSection
	GlobalSection(ExtensibilityGlobals) = postSolution
		SolutionGuid = {1456A391-6403-4234-BE8A-706D6A7846FF}
	EndGlobalSection
EndGlobal
