
Microsoft Visual Studio Solution File, Format Version 12.00
# Visual Studio Version 16
VisualStudioVersion = 16.0.31911.196
MinimumVisualStudioVersion = 10.0.40219.1
Project("{FAE04EC0-301F-11D3-BF4B-00C04F79EFBC}") = "SituacaoAluno", "SituacaoAluno\SituacaoAluno.csproj", "{3BAB02B2-016A-4F6A-8B7E-7C09B2740AD5}"
EndProject
Global
	GlobalSection(SolutionConfigurationPlatforms) = preSolution
		Debug|Any CPU = Debug|Any CPU
		Release|Any CPU = Release|Any CPU
	EndGlobalSection
	GlobalSection(ProjectConfigurationPlatforms) = postSolution
		{3BAB02B2-016A-4F6A-8B7E-7C09B2740AD5}.Debug|Any CPU.ActiveCfg = Debug|Any CPU
		{3BAB02B2-016A-4F6A-8B7E-7C09B2740AD5}.Debug|Any CPU.Build.0 = Debug|Any CPU
		{3BAB02B2-016A-4F6A-8B7E-7C09B2740AD5}.Release|Any CPU.ActiveCfg = Release|Any CPU
		{3BAB02B2-016A-4F6A-8B7E-7C09B2740AD5}.Release|Any CPU.Build.0 = Release|Any CPU
	EndGlobalSection
	GlobalSection(SolutionProperties) = preSolution
		HideSolutionNode = FALSE
	EndGlobalSection
	GlobalSection(ExtensibilityGlobals) = postSolution
		SolutionGuid = {F85F832C-B3E2-4B07-A4B7-D91D3DC211DA}
	EndGlobalSection
EndGlobal
