
Microsoft Visual Studio Solution File, Format Version 12.00
# Visual Studio Version 16
VisualStudioVersion = 16.0.32002.261
MinimumVisualStudioVersion = 10.0.40219.1
Project("{FAE04EC0-301F-11D3-BF4B-00C04F79EFBC}") = "RadioButton", "RadioButton\RadioButton.csproj", "{835D1A1F-D0B8-46C5-8580-BE4127CA2807}"
EndProject
Global
	GlobalSection(SolutionConfigurationPlatforms) = preSolution
		Debug|Any CPU = Debug|Any CPU
		Release|Any CPU = Release|Any CPU
	EndGlobalSection
	GlobalSection(ProjectConfigurationPlatforms) = postSolution
		{835D1A1F-D0B8-46C5-8580-BE4127CA2807}.Debug|Any CPU.ActiveCfg = Debug|Any CPU
		{835D1A1F-D0B8-46C5-8580-BE4127CA2807}.Debug|Any CPU.Build.0 = Debug|Any CPU
		{835D1A1F-D0B8-46C5-8580-BE4127CA2807}.Release|Any CPU.ActiveCfg = Release|Any CPU
		{835D1A1F-D0B8-46C5-8580-BE4127CA2807}.Release|Any CPU.Build.0 = Release|Any CPU
	EndGlobalSection
	GlobalSection(SolutionProperties) = preSolution
		HideSolutionNode = FALSE
	EndGlobalSection
	GlobalSection(ExtensibilityGlobals) = postSolution
		SolutionGuid = {E3F7C3B1-D467-4AB5-A114-1937009C5BF0}
	EndGlobalSection
EndGlobal
