
Microsoft Visual Studio Solution File, Format Version 12.00
# Visual Studio Version 16
VisualStudioVersion = 16.0.31911.196
MinimumVisualStudioVersion = 10.0.40219.1
Project("{FAE04EC0-301F-11D3-BF4B-00C04F79EFBC}") = "VanParaVotar", "VanParaVotar\VanParaVotar.csproj", "{E21472A0-DA91-40B4-B0AA-E1EF4EFB521E}"
EndProject
Global
	GlobalSection(SolutionConfigurationPlatforms) = preSolution
		Debug|Any CPU = Debug|Any CPU
		Release|Any CPU = Release|Any CPU
	EndGlobalSection
	GlobalSection(ProjectConfigurationPlatforms) = postSolution
		{E21472A0-DA91-40B4-B0AA-E1EF4EFB521E}.Debug|Any CPU.ActiveCfg = Debug|Any CPU
		{E21472A0-DA91-40B4-B0AA-E1EF4EFB521E}.Debug|Any CPU.Build.0 = Debug|Any CPU
		{E21472A0-DA91-40B4-B0AA-E1EF4EFB521E}.Release|Any CPU.ActiveCfg = Release|Any CPU
		{E21472A0-DA91-40B4-B0AA-E1EF4EFB521E}.Release|Any CPU.Build.0 = Release|Any CPU
	EndGlobalSection
	GlobalSection(SolutionProperties) = preSolution
		HideSolutionNode = FALSE
	EndGlobalSection
	GlobalSection(ExtensibilityGlobals) = postSolution
		SolutionGuid = {DE6963DB-15D9-4F34-A179-D7F07AE2EA01}
	EndGlobalSection
EndGlobal
