
Microsoft Visual Studio Solution File, Format Version 12.00
# Visual Studio Version 16
VisualStudioVersion = 16.0.31911.196
MinimumVisualStudioVersion = 10.0.40219.1
Project("{FAE04EC0-301F-11D3-BF4B-00C04F79EFBC}") = "VariaveisNumericas", "VariaveisNumericas\VariaveisNumericas.csproj", "{C51DDD1C-11D5-49C4-8090-8980C16F2A05}"
EndProject
Global
	GlobalSection(SolutionConfigurationPlatforms) = preSolution
		Debug|Any CPU = Debug|Any CPU
		Release|Any CPU = Release|Any CPU
	EndGlobalSection
	GlobalSection(ProjectConfigurationPlatforms) = postSolution
		{C51DDD1C-11D5-49C4-8090-8980C16F2A05}.Debug|Any CPU.ActiveCfg = Debug|Any CPU
		{C51DDD1C-11D5-49C4-8090-8980C16F2A05}.Debug|Any CPU.Build.0 = Debug|Any CPU
		{C51DDD1C-11D5-49C4-8090-8980C16F2A05}.Release|Any CPU.ActiveCfg = Release|Any CPU
		{C51DDD1C-11D5-49C4-8090-8980C16F2A05}.Release|Any CPU.Build.0 = Release|Any CPU
	EndGlobalSection
	GlobalSection(SolutionProperties) = preSolution
		HideSolutionNode = FALSE
	EndGlobalSection
	GlobalSection(ExtensibilityGlobals) = postSolution
		SolutionGuid = {F70F5A12-72EB-4459-8E78-092EDD8E58BD}
	EndGlobalSection
EndGlobal
