
Microsoft Visual Studio Solution File, Format Version 12.00
# Visual Studio Version 16
VisualStudioVersion = 16.0.31911.196
MinimumVisualStudioVersion = 10.0.40219.1
Project("{FAE04EC0-301F-11D3-BF4B-00C04F79EFBC}") = "IfComposto", "IfComposto\IfComposto.csproj", "{522C1F48-141F-4273-948B-948687286B76}"
EndProject
Global
	GlobalSection(SolutionConfigurationPlatforms) = preSolution
		Debug|Any CPU = Debug|Any CPU
		Release|Any CPU = Release|Any CPU
	EndGlobalSection
	GlobalSection(ProjectConfigurationPlatforms) = postSolution
		{522C1F48-141F-4273-948B-948687286B76}.Debug|Any CPU.ActiveCfg = Debug|Any CPU
		{522C1F48-141F-4273-948B-948687286B76}.Debug|Any CPU.Build.0 = Debug|Any CPU
		{522C1F48-141F-4273-948B-948687286B76}.Release|Any CPU.ActiveCfg = Release|Any CPU
		{522C1F48-141F-4273-948B-948687286B76}.Release|Any CPU.Build.0 = Release|Any CPU
	EndGlobalSection
	GlobalSection(SolutionProperties) = preSolution
		HideSolutionNode = FALSE
	EndGlobalSection
	GlobalSection(ExtensibilityGlobals) = postSolution
		SolutionGuid = {300E558C-7856-4176-9466-EEEE560CE1B9}
	EndGlobalSection
EndGlobal
