
Microsoft Visual Studio Solution File, Format Version 12.00
# Visual Studio Version 16
VisualStudioVersion = 16.0.31911.196
MinimumVisualStudioVersion = 10.0.40219.1
Project("{FAE04EC0-301F-11D3-BF4B-00C04F79EFBC}") = "AverageKM", "AverageKM\AverageKM.csproj", "{7473A5E3-A358-4B66-BCD1-38E5A21C92F8}"
EndProject
Global
	GlobalSection(SolutionConfigurationPlatforms) = preSolution
		Debug|Any CPU = Debug|Any CPU
		Release|Any CPU = Release|Any CPU
	EndGlobalSection
	GlobalSection(ProjectConfigurationPlatforms) = postSolution
		{7473A5E3-A358-4B66-BCD1-38E5A21C92F8}.Debug|Any CPU.ActiveCfg = Debug|Any CPU
		{7473A5E3-A358-4B66-BCD1-38E5A21C92F8}.Debug|Any CPU.Build.0 = Debug|Any CPU
		{7473A5E3-A358-4B66-BCD1-38E5A21C92F8}.Release|Any CPU.ActiveCfg = Release|Any CPU
		{7473A5E3-A358-4B66-BCD1-38E5A21C92F8}.Release|Any CPU.Build.0 = Release|Any CPU
	EndGlobalSection
	GlobalSection(SolutionProperties) = preSolution
		HideSolutionNode = FALSE
	EndGlobalSection
	GlobalSection(ExtensibilityGlobals) = postSolution
		SolutionGuid = {F9129F1A-4DA3-41CC-A8B1-0A01B5D782CF}
	EndGlobalSection
EndGlobal
