
Microsoft Visual Studio Solution File, Format Version 12.00
# Visual Studio Version 16
VisualStudioVersion = 16.0.32002.261
MinimumVisualStudioVersion = 10.0.40219.1
Project("{FAE04EC0-301F-11D3-BF4B-00C04F79EFBC}") = "lacoRepeticao", "lacoRepeticao\lacoRepeticao.csproj", "{181676E1-6E6A-4674-98A0-1EB857B851E4}"
EndProject
Global
	GlobalSection(SolutionConfigurationPlatforms) = preSolution
		Debug|Any CPU = Debug|Any CPU
		Release|Any CPU = Release|Any CPU
	EndGlobalSection
	GlobalSection(ProjectConfigurationPlatforms) = postSolution
		{181676E1-6E6A-4674-98A0-1EB857B851E4}.Debug|Any CPU.ActiveCfg = Debug|Any CPU
		{181676E1-6E6A-4674-98A0-1EB857B851E4}.Debug|Any CPU.Build.0 = Debug|Any CPU
		{181676E1-6E6A-4674-98A0-1EB857B851E4}.Release|Any CPU.ActiveCfg = Release|Any CPU
		{181676E1-6E6A-4674-98A0-1EB857B851E4}.Release|Any CPU.Build.0 = Release|Any CPU
	EndGlobalSection
	GlobalSection(SolutionProperties) = preSolution
		HideSolutionNode = FALSE
	EndGlobalSection
	GlobalSection(ExtensibilityGlobals) = postSolution
		SolutionGuid = {F67BCC02-D116-4697-BCF7-F5C08135F65A}
	EndGlobalSection
EndGlobal
