
Microsoft Visual Studio Solution File, Format Version 12.00
# Visual Studio Version 16
VisualStudioVersion = 16.0.31911.196
MinimumVisualStudioVersion = 10.0.40219.1
Project("{FAE04EC0-301F-11D3-BF4B-00C04F79EFBC}") = "DonationConversion", "DonationConversion\DonationConversion.csproj", "{2EA8C203-A00D-43CF-863A-FAF76427B3B8}"
EndProject
Global
	GlobalSection(SolutionConfigurationPlatforms) = preSolution
		Debug|Any CPU = Debug|Any CPU
		Release|Any CPU = Release|Any CPU
	EndGlobalSection
	GlobalSection(ProjectConfigurationPlatforms) = postSolution
		{2EA8C203-A00D-43CF-863A-FAF76427B3B8}.Debug|Any CPU.ActiveCfg = Debug|Any CPU
		{2EA8C203-A00D-43CF-863A-FAF76427B3B8}.Debug|Any CPU.Build.0 = Debug|Any CPU
		{2EA8C203-A00D-43CF-863A-FAF76427B3B8}.Release|Any CPU.ActiveCfg = Release|Any CPU
		{2EA8C203-A00D-43CF-863A-FAF76427B3B8}.Release|Any CPU.Build.0 = Release|Any CPU
	EndGlobalSection
	GlobalSection(SolutionProperties) = preSolution
		HideSolutionNode = FALSE
	EndGlobalSection
	GlobalSection(ExtensibilityGlobals) = postSolution
		SolutionGuid = {E3102C16-C317-481B-A432-B7E685BA67FA}
	EndGlobalSection
EndGlobal
